
Microsoft Visual Studio Solution File, Format Version 12.00
# Visual Studio Version 17
VisualStudioVersion = 17.0.32112.339
MinimumVisualStudioVersion = 10.0.40219.1
Project("{FAE04EC0-301F-11D3-BF4B-00C04F79EFBC}") = "ivc-sundoro-boat", "ivc-sundoro-boat\ivc-sundoro-boat.csproj", "{4BFFB685-D009-4C61-BC01-459276D0A941}"
EndProject
Global
	GlobalSection(SolutionConfigurationPlatforms) = preSolution
		Debug|Any CPU = Debug|Any CPU
		Release|Any CPU = Release|Any CPU
	EndGlobalSection
	GlobalSection(ProjectConfigurationPlatforms) = postSolution
		{4BFFB685-D009-4C61-BC01-459276D0A941}.Debug|Any CPU.ActiveCfg = Debug|Any CPU
		{4BFFB685-D009-4C61-BC01-459276D0A941}.Debug|Any CPU.Build.0 = Debug|Any CPU
		{4BFFB685-D009-4C61-BC01-459276D0A941}.Release|Any CPU.ActiveCfg = Release|Any CPU
		{4BFFB685-D009-4C61-BC01-459276D0A941}.Release|Any CPU.Build.0 = Release|Any CPU
	EndGlobalSection
	GlobalSection(SolutionProperties) = preSolution
		HideSolutionNode = FALSE
	EndGlobalSection
	GlobalSection(ExtensibilityGlobals) = postSolution
		SolutionGuid = {46D249BC-FBA8-469B-92A0-12786188A546}
	EndGlobalSection
EndGlobal
